// !$*UTF8*$!
{
	archiveVersion = 1;
	classes = {
	};
	objectVersion = 55;
	objects = {

/* Begin PBXBuildFile section */
		857031A228BD94D000D25CAB /* AppDelegate.swift in Sources */ = {isa = PBXBuildFile; fileRef = 857031A128BD94D000D25CAB /* AppDelegate.swift */; };
		857031A428BD94D000D25CAB /* SceneDelegate.swift in Sources */ = {isa = PBXBuildFile; fileRef = 857031A328BD94D000D25CAB /* SceneDelegate.swift */; };
		857031A628BD94D000D25CAB /* ViewController.swift in Sources */ = {isa = PBXBuildFile; fileRef = 857031A528BD94D000D25CAB /* ViewController.swift */; };
		857031A928BD94D000D25CAB /* Main.storyboard in Resources */ = {isa = PBXBuildFile; fileRef = 857031A728BD94D000D25CAB /* Main.storyboard */; };
		857031AB28BD94D100D25CAB /* Assets.xcassets in Resources */ = {isa = PBXBuildFile; fileRef = 857031AA28BD94D100D25CAB /* Assets.xcassets */; };
		857031AE28BD94D100D25CAB /* LaunchScreen.storyboard in Resources */ = {isa = PBXBuildFile; fileRef = 857031AC28BD94D100D25CAB /* LaunchScreen.storyboard */; };
		857031B728BD94F800D25CAB /* LottoAPIManager.swift in Sources */ = {isa = PBXBuildFile; fileRef = 857031B628BD94F800D25CAB /* LottoAPIManager.swift */; };
		857031B928BD9BD700D25CAB /* Lotto.swift in Sources */ = {isa = PBXBuildFile; fileRef = 857031B828BD9BD700D25CAB /* Lotto.swift */; };
		857031BC28BDA74A00D25CAB /* PersonAPIManager.swift in Sources */ = {isa = PBXBuildFile; fileRef = 857031BB28BDA74A00D25CAB /* PersonAPIManager.swift */; };
		857031BE28BDA7BF00D25CAB /* .gitignore in Resources */ = {isa = PBXBuildFile; fileRef = 857031BD28BDA7BF00D25CAB /* .gitignore */; };
		857031C128BDA7DB00D25CAB /* APIKey.swift in Sources */ = {isa = PBXBuildFile; fileRef = 857031C028BDA7DB00D25CAB /* APIKey.swift */; };
		857031C328BDA88400D25CAB /* Person.swift in Sources */ = {isa = PBXBuildFile; fileRef = 857031C228BDA88400D25CAB /* Person.swift */; };
		857031C628BDB78400D25CAB /* URLSession+Extension.swift in Sources */ = {isa = PBXBuildFile; fileRef = 857031C528BDB78400D25CAB /* URLSession+Extension.swift */; };
		857031E828BEF8DB00D25CAB /* Observable.swift in Sources */ = {isa = PBXBuildFile; fileRef = 857031E728BEF8DB00D25CAB /* Observable.swift */; };
		857031EA28BEFC0A00D25CAB /* PersonViewModel.swift in Sources */ = {isa = PBXBuildFile; fileRef = 857031E928BEFC0A00D25CAB /* PersonViewModel.swift */; };
/* End PBXBuildFile section */

/* Begin PBXFileReference section */
		8570319E28BD94D000D25CAB /* SeSAC2Week9.app */ = {isa = PBXFileReference; explicitFileType = wrapper.application; includeInIndex = 0; path = SeSAC2Week9.app; sourceTree = BUILT_PRODUCTS_DIR; };
		857031A128BD94D000D25CAB /* AppDelegate.swift */ = {isa = PBXFileReference; lastKnownFileType = sourcecode.swift; path = AppDelegate.swift; sourceTree = "<group>"; };
		857031A328BD94D000D25CAB /* SceneDelegate.swift */ = {isa = PBXFileReference; lastKnownFileType = sourcecode.swift; path = SceneDelegate.swift; sourceTree = "<group>"; };
		857031A528BD94D000D25CAB /* ViewController.swift */ = {isa = PBXFileReference; lastKnownFileType = sourcecode.swift; path = ViewController.swift; sourceTree = "<group>"; };
		857031A828BD94D000D25CAB /* Base */ = {isa = PBXFileReference; lastKnownFileType = file.storyboard; name = Base; path = Base.lproj/Main.storyboard; sourceTree = "<group>"; };
		857031AA28BD94D100D25CAB /* Assets.xcassets */ = {isa = PBXFileReference; lastKnownFileType = folder.assetcatalog; path = Assets.xcassets; sourceTree = "<group>"; };
		857031AD28BD94D100D25CAB /* Base */ = {isa = PBXFileReference; lastKnownFileType = file.storyboard; name = Base; path = Base.lproj/LaunchScreen.storyboard; sourceTree = "<group>"; };
		857031AF28BD94D100D25CAB /* Info.plist */ = {isa = PBXFileReference; lastKnownFileType = text.plist.xml; path = Info.plist; sourceTree = "<group>"; };
		857031B628BD94F800D25CAB /* LottoAPIManager.swift */ = {isa = PBXFileReference; lastKnownFileType = sourcecode.swift; path = LottoAPIManager.swift; sourceTree = "<group>"; };
		857031B828BD9BD700D25CAB /* Lotto.swift */ = {isa = PBXFileReference; lastKnownFileType = sourcecode.swift; path = Lotto.swift; sourceTree = "<group>"; };
		857031BB28BDA74A00D25CAB /* PersonAPIManager.swift */ = {isa = PBXFileReference; lastKnownFileType = sourcecode.swift; path = PersonAPIManager.swift; sourceTree = "<group>"; };
		857031BD28BDA7BF00D25CAB /* .gitignore */ = {isa = PBXFileReference; lastKnownFileType = text; path = .gitignore; sourceTree = "<group>"; };
		857031C028BDA7DB00D25CAB /* APIKey.swift */ = {isa = PBXFileReference; lastKnownFileType = sourcecode.swift; path = APIKey.swift; sourceTree = "<group>"; };
		857031C228BDA88400D25CAB /* Person.swift */ = {isa = PBXFileReference; lastKnownFileType = sourcecode.swift; path = Person.swift; sourceTree = "<group>"; };
		857031C528BDB78400D25CAB /* URLSession+Extension.swift */ = {isa = PBXFileReference; lastKnownFileType = sourcecode.swift; path = "URLSession+Extension.swift"; sourceTree = "<group>"; };
		857031E728BEF8DB00D25CAB /* Observable.swift */ = {isa = PBXFileReference; lastKnownFileType = sourcecode.swift; path = Observable.swift; sourceTree = "<group>"; };
		857031E928BEFC0A00D25CAB /* PersonViewModel.swift */ = {isa = PBXFileReference; lastKnownFileType = sourcecode.swift; path = PersonViewModel.swift; sourceTree = "<group>"; };
/* End PBXFileReference section */

/* Begin PBXFrameworksBuildPhase section */
		8570319B28BD94D000D25CAB /* Frameworks */ = {
			isa = PBXFrameworksBuildPhase;
			buildActionMask = 2147483647;
			files = (
			);
			runOnlyForDeploymentPostprocessing = 0;
		};
/* End PBXFrameworksBuildPhase section */

/* Begin PBXGroup section */
		8570319528BD94D000D25CAB = {
			isa = PBXGroup;
			children = (
				857031BD28BDA7BF00D25CAB /* .gitignore */,
				857031A028BD94D000D25CAB /* SeSAC2Week9 */,
				8570319F28BD94D000D25CAB /* Products */,
			);
			sourceTree = "<group>";
		};
		8570319F28BD94D000D25CAB /* Products */ = {
			isa = PBXGroup;
			children = (
				8570319E28BD94D000D25CAB /* SeSAC2Week9.app */,
			);
			name = Products;
			sourceTree = "<group>";
		};
		857031A028BD94D000D25CAB /* SeSAC2Week9 */ = {
			isa = PBXGroup;
			children = (
				857031C428BDB77500D25CAB /* Extension */,
				857031BF28BDA7D200D25CAB /* Key */,
				857031BA28BDA73C00D25CAB /* Person */,
				857031B528BD94E600D25CAB /* Lotto */,
				857031A128BD94D000D25CAB /* AppDelegate.swift */,
				857031A328BD94D000D25CAB /* SceneDelegate.swift */,
				857031A528BD94D000D25CAB /* ViewController.swift */,
				857031A728BD94D000D25CAB /* Main.storyboard */,
				857031AA28BD94D100D25CAB /* Assets.xcassets */,
				857031AC28BD94D100D25CAB /* LaunchScreen.storyboard */,
				857031AF28BD94D100D25CAB /* Info.plist */,
				857031E728BEF8DB00D25CAB /* Observable.swift */,
			);
			path = SeSAC2Week9;
			sourceTree = "<group>";
		};
		857031B528BD94E600D25CAB /* Lotto */ = {
			isa = PBXGroup;
			children = (
				857031B628BD94F800D25CAB /* LottoAPIManager.swift */,
				857031B828BD9BD700D25CAB /* Lotto.swift */,
			);
			path = Lotto;
			sourceTree = "<group>";
		};
		857031BA28BDA73C00D25CAB /* Person */ = {
			isa = PBXGroup;
			children = (
				857031BB28BDA74A00D25CAB /* PersonAPIManager.swift */,
				857031C228BDA88400D25CAB /* Person.swift */,
				857031E928BEFC0A00D25CAB /* PersonViewModel.swift */,
			);
			path = Person;
			sourceTree = "<group>";
		};
		857031BF28BDA7D200D25CAB /* Key */ = {
			isa = PBXGroup;
			children = (
				857031C028BDA7DB00D25CAB /* APIKey.swift */,
			);
			path = Key;
			sourceTree = "<group>";
		};
		857031C428BDB77500D25CAB /* Extension */ = {
			isa = PBXGroup;
			children = (
				857031C528BDB78400D25CAB /* URLSession+Extension.swift */,
			);
			path = Extension;
			sourceTree = "<group>";
		};
/* End PBXGroup section */

/* Begin PBXNativeTarget section */
		8570319D28BD94D000D25CAB /* SeSAC2Week9 */ = {
			isa = PBXNativeTarget;
			buildConfigurationList = 857031B228BD94D100D25CAB /* Build configuration list for PBXNativeTarget "SeSAC2Week9" */;
			buildPhases = (
				8570319A28BD94D000D25CAB /* Sources */,
				8570319B28BD94D000D25CAB /* Frameworks */,
				8570319C28BD94D000D25CAB /* Resources */,
			);
			buildRules = (
			);
			dependencies = (
			);
			name = SeSAC2Week9;
			productName = SeSAC2Week9;
			productReference = 8570319E28BD94D000D25CAB /* SeSAC2Week9.app */;
			productType = "com.apple.product-type.application";
		};
/* End PBXNativeTarget section */

/* Begin PBXProject section */
		8570319628BD94D000D25CAB /* Project object */ = {
			isa = PBXProject;
			attributes = {
				BuildIndependentTargetsInParallel = 1;
				LastSwiftUpdateCheck = 1340;
				LastUpgradeCheck = 1340;
				TargetAttributes = {
					8570319D28BD94D000D25CAB = {
						CreatedOnToolsVersion = 13.4.1;
					};
				};
			};
			buildConfigurationList = 8570319928BD94D000D25CAB /* Build configuration list for PBXProject "SeSAC2Week9" */;
			compatibilityVersion = "Xcode 13.0";
			developmentRegion = en;
			hasScannedForEncodings = 0;
			knownRegions = (
				en,
				Base,
			);
			mainGroup = 8570319528BD94D000D25CAB;
			productRefGroup = 8570319F28BD94D000D25CAB /* Products */;
			projectDirPath = "";
			projectRoot = "";
			targets = (
				8570319D28BD94D000D25CAB /* SeSAC2Week9 */,
			);
		};
/* End PBXProject section */

/* Begin PBXResourcesBuildPhase section */
		8570319C28BD94D000D25CAB /* Resources */ = {
			isa = PBXResourcesBuildPhase;
			buildActionMask = 2147483647;
			files = (
				857031BE28BDA7BF00D25CAB /* .gitignore in Resources */,
				857031AE28BD94D100D25CAB /* LaunchScreen.storyboard in Resources */,
				857031AB28BD94D100D25CAB /* Assets.xcassets in Resources */,
				857031A928BD94D000D25CAB /* Main.storyboard in Resources */,
			);
			runOnlyForDeploymentPostprocessing = 0;
		};
/* End PBXResourcesBuildPhase section */

/* Begin PBXSourcesBuildPhase section */
		8570319A28BD94D000D25CAB /* Sources */ = {
			isa = PBXSourcesBuildPhase;
			buildActionMask = 2147483647;
			files = (
				857031A628BD94D000D25CAB /* ViewController.swift in Sources */,
				857031C128BDA7DB00D25CAB /* APIKey.swift in Sources */,
				857031B928BD9BD700D25CAB /* Lotto.swift in Sources */,
				857031EA28BEFC0A00D25CAB /* PersonViewModel.swift in Sources */,
				857031A228BD94D000D25CAB /* AppDelegate.swift in Sources */,
				857031BC28BDA74A00D25CAB /* PersonAPIManager.swift in Sources */,
				857031C628BDB78400D25CAB /* URLSession+Extension.swift in Sources */,
				857031E828BEF8DB00D25CAB /* Observable.swift in Sources */,
				857031A428BD94D000D25CAB /* SceneDelegate.swift in Sources */,
				857031C328BDA88400D25CAB /* Person.swift in Sources */,
				857031B728BD94F800D25CAB /* LottoAPIManager.swift in Sources */,
			);
			runOnlyForDeploymentPostprocessing = 0;
		};
/* End PBXSourcesBuildPhase section */

/* Begin PBXVariantGroup section */
		857031A728BD94D000D25CAB /* Main.storyboard */ = {
			isa = PBXVariantGroup;
			children = (
				857031A828BD94D000D25CAB /* Base */,
			);
			name = Main.storyboard;
			sourceTree = "<group>";
		};
		857031AC28BD94D100D25CAB /* LaunchScreen.storyboard */ = {
			isa = PBXVariantGroup;
			children = (
				857031AD28BD94D100D25CAB /* Base */,
			);
			name = LaunchScreen.storyboard;
			sourceTree = "<group>";
		};
/* End PBXVariantGroup section */

/* Begin XCBuildConfiguration section */
		857031B028BD94D100D25CAB /* Debug */ = {
			isa = XCBuildConfiguration;
			buildSettings = {
				ALWAYS_SEARCH_USER_PATHS = NO;
				CLANG_ANALYZER_NONNULL = YES;
				CLANG_ANALYZER_NUMBER_OBJECT_CONVERSION = YES_AGGRESSIVE;
				CLANG_CXX_LANGUAGE_STANDARD = "gnu++17";
				CLANG_ENABLE_MODULES = YES;
				CLANG_ENABLE_OBJC_ARC = YES;
				CLANG_ENABLE_OBJC_WEAK = YES;
				CLANG_WARN_BLOCK_CAPTURE_AUTORELEASING = YES;
				CLANG_WARN_BOOL_CONVERSION = YES;
				CLANG_WARN_COMMA = YES;
				CLANG_WARN_CONSTANT_CONVERSION = YES;
				CLANG_WARN_DEPRECATED_OBJC_IMPLEMENTATIONS = YES;
				CLANG_WARN_DIRECT_OBJC_ISA_USAGE = YES_ERROR;
				CLANG_WARN_DOCUMENTATION_COMMENTS = YES;
				CLANG_WARN_EMPTY_BODY = YES;
				CLANG_WARN_ENUM_CONVERSION = YES;
				CLANG_WARN_INFINITE_RECURSION = YES;
				CLANG_WARN_INT_CONVERSION = YES;
				CLANG_WARN_NON_LITERAL_NULL_CONVERSION = YES;
				CLANG_WARN_OBJC_IMPLICIT_RETAIN_SELF = YES;
				CLANG_WARN_OBJC_LITERAL_CONVERSION = YES;
				CLANG_WARN_OBJC_ROOT_CLASS = YES_ERROR;
				CLANG_WARN_QUOTED_INCLUDE_IN_FRAMEWORK_HEADER = YES;
				CLANG_WARN_RANGE_LOOP_ANALYSIS = YES;
				CLANG_WARN_STRICT_PROTOTYPES = YES;
				CLANG_WARN_SUSPICIOUS_MOVE = YES;
				CLANG_WARN_UNGUARDED_AVAILABILITY = YES_AGGRESSIVE;
				CLANG_WARN_UNREACHABLE_CODE = YES;
				CLANG_WARN__DUPLICATE_METHOD_MATCH = YES;
				COPY_PHASE_STRIP = NO;
				DEBUG_INFORMATION_FORMAT = dwarf;
				ENABLE_STRICT_OBJC_MSGSEND = YES;
				ENABLE_TESTABILITY = YES;
				GCC_C_LANGUAGE_STANDARD = gnu11;
				GCC_DYNAMIC_NO_PIC = NO;
				GCC_NO_COMMON_BLOCKS = YES;
				GCC_OPTIMIZATION_LEVEL = 0;
				GCC_PREPROCESSOR_DEFINITIONS = (
					"DEBUG=1",
					"$(inherited)",
				);
				GCC_WARN_64_TO_32_BIT_CONVERSION = YES;
				GCC_WARN_ABOUT_RETURN_TYPE = YES_ERROR;
				GCC_WARN_UNDECLARED_SELECTOR = YES;
				GCC_WARN_UNINITIALIZED_AUTOS = YES_AGGRESSIVE;
				GCC_WARN_UNUSED_FUNCTION = YES;
				GCC_WARN_UNUSED_VARIABLE = YES;
				IPHONEOS_DEPLOYMENT_TARGET = 15.5;
				MTL_ENABLE_DEBUG_INFO = INCLUDE_SOURCE;
				MTL_FAST_MATH = YES;
				ONLY_ACTIVE_ARCH = YES;
				SDKROOT = iphoneos;
				SWIFT_ACTIVE_COMPILATION_CONDITIONS = DEBUG;
				SWIFT_OPTIMIZATION_LEVEL = "-Onone";
			};
			name = Debug;
		};
		857031B128BD94D100D25CAB /* Release */ = {
			isa = XCBuildConfiguration;
			buildSettings = {
				ALWAYS_SEARCH_USER_PATHS = NO;
				CLANG_ANALYZER_NONNULL = YES;
				CLANG_ANALYZER_NUMBER_OBJECT_CONVERSION = YES_AGGRESSIVE;
				CLANG_CXX_LANGUAGE_STANDARD = "gnu++17";
				CLANG_ENABLE_MODULES = YES;
				CLANG_ENABLE_OBJC_ARC = YES;
				CLANG_ENABLE_OBJC_WEAK = YES;
				CLANG_WARN_BLOCK_CAPTURE_AUTORELEASING = YES;
				CLANG_WARN_BOOL_CONVERSION = YES;
				CLANG_WARN_COMMA = YES;
				CLANG_WARN_CONSTANT_CONVERSION = YES;
				CLANG_WARN_DEPRECATED_OBJC_IMPLEMENTATIONS = YES;
				CLANG_WARN_DIRECT_OBJC_ISA_USAGE = YES_ERROR;
				CLANG_WARN_DOCUMENTATION_COMMENTS = YES;
				CLANG_WARN_EMPTY_BODY = YES;
				CLANG_WARN_ENUM_CONVERSION = YES;
				CLANG_WARN_INFINITE_RECURSION = YES;
				CLANG_WARN_INT_CONVERSION = YES;
				CLANG_WARN_NON_LITERAL_NULL_CONVERSION = YES;
				CLANG_WARN_OBJC_IMPLICIT_RETAIN_SELF = YES;
				CLANG_WARN_OBJC_LITERAL_CONVERSION = YES;
				CLANG_WARN_OBJC_ROOT_CLASS = YES_ERROR;
				CLANG_WARN_QUOTED_INCLUDE_IN_FRAMEWORK_HEADER = YES;
				CLANG_WARN_RANGE_LOOP_ANALYSIS = YES;
				CLANG_WARN_STRICT_PROTOTYPES = YES;
				CLANG_WARN_SUSPICIOUS_MOVE = YES;
				CLANG_WARN_UNGUARDED_AVAILABILITY = YES_AGGRESSIVE;
				CLANG_WARN_UNREACHABLE_CODE = YES;
				CLANG_WARN__DUPLICATE_METHOD_MATCH = YES;
				COPY_PHASE_STRIP = NO;
				DEBUG_INFORMATION_FORMAT = "dwarf-with-dsym";
				ENABLE_NS_ASSERTIONS = NO;
				ENABLE_STRICT_OBJC_MSGSEND = YES;
				GCC_C_LANGUAGE_STANDARD = gnu11;
				GCC_NO_COMMON_BLOCKS = YES;
				GCC_WARN_64_TO_32_BIT_CONVERSION = YES;
				GCC_WARN_ABOUT_RETURN_TYPE = YES_ERROR;
				GCC_WARN_UNDECLARED_SELECTOR = YES;
				GCC_WARN_UNINITIALIZED_AUTOS = YES_AGGRESSIVE;
				GCC_WARN_UNUSED_FUNCTION = YES;
				GCC_WARN_UNUSED_VARIABLE = YES;
				IPHONEOS_DEPLOYMENT_TARGET = 15.5;
				MTL_ENABLE_DEBUG_INFO = NO;
				MTL_FAST_MATH = YES;
				SDKROOT = iphoneos;
				SWIFT_COMPILATION_MODE = wholemodule;
				SWIFT_OPTIMIZATION_LEVEL = "-O";
				VALIDATE_PRODUCT = YES;
			};
			name = Release;
		};
		857031B328BD94D100D25CAB /* Debug */ = {
			isa = XCBuildConfiguration;
			buildSettings = {
				ASSETCATALOG_COMPILER_APPICON_NAME = AppIcon;
				ASSETCATALOG_COMPILER_GLOBAL_ACCENT_COLOR_NAME = AccentColor;
				CODE_SIGN_STYLE = Automatic;
				CURRENT_PROJECT_VERSION = 1;
				DEVELOPMENT_TEAM = 3K4KWAG7KD;
				GENERATE_INFOPLIST_FILE = YES;
				INFOPLIST_FILE = SeSAC2Week9/Info.plist;
				INFOPLIST_KEY_UIApplicationSupportsIndirectInputEvents = YES;
				INFOPLIST_KEY_UILaunchStoryboardName = LaunchScreen;
				INFOPLIST_KEY_UIMainStoryboardFile = Main;
				INFOPLIST_KEY_UISupportedInterfaceOrientations_iPad = "UIInterfaceOrientationPortrait UIInterfaceOrientationPortraitUpsideDown UIInterfaceOrientationLandscapeLeft UIInterfaceOrientationLandscapeRight";
				INFOPLIST_KEY_UISupportedInterfaceOrientations_iPhone = "UIInterfaceOrientationPortrait UIInterfaceOrientationLandscapeLeft UIInterfaceOrientationLandscapeRight";
				IPHONEOS_DEPLOYMENT_TARGET = 15.0;
				LD_RUNPATH_SEARCH_PATHS = (
					"$(inherited)",
					"@executable_path/Frameworks",
				);
				MARKETING_VERSION = 1.0;
				PRODUCT_BUNDLE_IDENTIFIER = com.hano.SeSAC2Week9;
				PRODUCT_NAME = "$(TARGET_NAME)";
				SWIFT_EMIT_LOC_STRINGS = YES;
				SWIFT_VERSION = 5.0;
				TARGETED_DEVICE_FAMILY = "1,2";
			};
			name = Debug;
		};
		857031B428BD94D100D25CAB /* Release */ = {
			isa = XCBuildConfiguration;
			buildSettings = {
				ASSETCATALOG_COMPILER_APPICON_NAME = AppIcon;
				ASSETCATALOG_COMPILER_GLOBAL_ACCENT_COLOR_NAME = AccentColor;
				CODE_SIGN_STYLE = Automatic;
				CURRENT_PROJECT_VERSION = 1;
				DEVELOPMENT_TEAM = 3K4KWAG7KD;
				GENERATE_INFOPLIST_FILE = YES;
				INFOPLIST_FILE = SeSAC2Week9/Info.plist;
				INFOPLIST_KEY_UIApplicationSupportsIndirectInputEvents = YES;
				INFOPLIST_KEY_UILaunchStoryboardName = LaunchScreen;
				INFOPLIST_KEY_UIMainStoryboardFile = Main;
				INFOPLIST_KEY_UISupportedInterfaceOrientations_iPad = "UIInterfaceOrientationPortrait UIInterfaceOrientationPortraitUpsideDown UIInterfaceOrientationLandscapeLeft UIInterfaceOrientationLandscapeRight";
				INFOPLIST_KEY_UISupportedInterfaceOrientations_iPhone = "UIInterfaceOrientationPortrait UIInterfaceOrientationLandscapeLeft UIInterfaceOrientationLandscapeRight";
				IPHONEOS_DEPLOYMENT_TARGET = 15.0;
				LD_RUNPATH_SEARCH_PATHS = (
					"$(inherited)",
					"@executable_path/Frameworks",
				);
				MARKETING_VERSION = 1.0;
				PRODUCT_BUNDLE_IDENTIFIER = com.hano.SeSAC2Week9;
				PRODUCT_NAME = "$(TARGET_NAME)";
				SWIFT_EMIT_LOC_STRINGS = YES;
				SWIFT_VERSION = 5.0;
				TARGETED_DEVICE_FAMILY = "1,2";
			};
			name = Release;
		};
/* End XCBuildConfiguration section */

/* Begin XCConfigurationList section */
		8570319928BD94D000D25CAB /* Build configuration list for PBXProject "SeSAC2Week9" */ = {
			isa = XCConfigurationList;
			buildConfigurations = (
				857031B028BD94D100D25CAB /* Debug */,
				857031B128BD94D100D25CAB /* Release */,
			);
			defaultConfigurationIsVisible = 0;
			defaultConfigurationName = Release;
		};
		857031B228BD94D100D25CAB /* Build configuration list for PBXNativeTarget "SeSAC2Week9" */ = {
			isa = XCConfigurationList;
			buildConfigurations = (
				857031B328BD94D100D25CAB /* Debug */,
				857031B428BD94D100D25CAB /* Release */,
			);
			defaultConfigurationIsVisible = 0;
			defaultConfigurationName = Release;
		};
/* End XCConfigurationList section */
	};
	rootObject = 8570319628BD94D000D25CAB /* Project object */;
}
